
Microsoft Visual Studio Solution File, Format Version 12.00
# Visual Studio Version 17
VisualStudioVersion = 17.7.34202.233
MinimumVisualStudioVersion = 10.0.40219.1
Project("{FAE04EC0-301F-11D3-BF4B-00C04F79EFBC}") = "WinFormsApp1", "WinFormsApp1\WinFormsApp1.csproj", "{06CC7B67-277E-4A0C-B6AB-655FB1D2F900}"
EndProject
Global
	GlobalSection(SolutionConfigurationPlatforms) = preSolution
		Debug|Any CPU = Debug|Any CPU
		Release|Any CPU = Release|Any CPU
	EndGlobalSection
	GlobalSection(ProjectConfigurationPlatforms) = postSolution
		{06CC7B67-277E-4A0C-B6AB-655FB1D2F900}.Debug|Any CPU.ActiveCfg = Debug|Any CPU
		{06CC7B67-277E-4A0C-B6AB-655FB1D2F900}.Debug|Any CPU.Build.0 = Debug|Any CPU
		{06CC7B67-277E-4A0C-B6AB-655FB1D2F900}.Release|Any CPU.ActiveCfg = Release|Any CPU
		{06CC7B67-277E-4A0C-B6AB-655FB1D2F900}.Release|Any CPU.Build.0 = Release|Any CPU
	EndGlobalSection
	GlobalSection(SolutionProperties) = preSolution
		HideSolutionNode = FALSE
	EndGlobalSection
	GlobalSection(ExtensibilityGlobals) = postSolution
		SolutionGuid = {F2825A4E-341F-409E-9054-225D44F9050F}
	EndGlobalSection
EndGlobal
